
Microsoft Visual Studio Solution File, Format Version 12.00
# Visual Studio 14
VisualStudioVersion = 14.0.25123.0
MinimumVisualStudioVersion = 10.0.40219.1
Project("{FAE04EC0-301F-11D3-BF4B-00C04F79EFBC}") = "BasicBundles", "BasicBundles\BasicBundles.csproj", "{475C40B3-D01A-47E3-818F-81087FA1C7A3}"
EndProject
Project("{FAE04EC0-301F-11D3-BF4B-00C04F79EFBC}") = "BasicBundles.UnitTests", "BasicBundles.UnitTests\BasicBundles.UnitTests.csproj", "{A7F986ED-DD81-4F11-AFCF-906FFE0E0F3C}"
EndProject
Project("{FAE04EC0-301F-11D3-BF4B-00C04F79EFBC}") = "BasicBundles.SampleMvc5", "BasicBundles.SampleMvc5\BasicBundles.SampleMvc5.csproj", "{BEE132D2-4773-4132-B42D-056C044DD963}"
EndProject
Project("{FAE04EC0-301F-11D3-BF4B-00C04F79EFBC}") = "BasicBundles.SampleWebForms4", "BasicBundles.SampleWebForms4\BasicBundles.SampleWebForms4.csproj", "{8DAAC973-F310-4BC0-A1B3-4E244D6C9614}"
EndProject
Global
	GlobalSection(SolutionConfigurationPlatforms) = preSolution
		Debug|Any CPU = Debug|Any CPU
		Release|Any CPU = Release|Any CPU
	EndGlobalSection
	GlobalSection(ProjectConfigurationPlatforms) = postSolution
		{475C40B3-D01A-47E3-818F-81087FA1C7A3}.Debug|Any CPU.ActiveCfg = Debug|Any CPU
		{475C40B3-D01A-47E3-818F-81087FA1C7A3}.Debug|Any CPU.Build.0 = Debug|Any CPU
		{475C40B3-D01A-47E3-818F-81087FA1C7A3}.Release|Any CPU.ActiveCfg = Release|Any CPU
		{475C40B3-D01A-47E3-818F-81087FA1C7A3}.Release|Any CPU.Build.0 = Release|Any CPU
		{A7F986ED-DD81-4F11-AFCF-906FFE0E0F3C}.Debug|Any CPU.ActiveCfg = Debug|Any CPU
		{A7F986ED-DD81-4F11-AFCF-906FFE0E0F3C}.Debug|Any CPU.Build.0 = Debug|Any CPU
		{A7F986ED-DD81-4F11-AFCF-906FFE0E0F3C}.Release|Any CPU.ActiveCfg = Release|Any CPU
		{A7F986ED-DD81-4F11-AFCF-906FFE0E0F3C}.Release|Any CPU.Build.0 = Release|Any CPU
		{BEE132D2-4773-4132-B42D-056C044DD963}.Debug|Any CPU.ActiveCfg = Debug|Any CPU
		{BEE132D2-4773-4132-B42D-056C044DD963}.Debug|Any CPU.Build.0 = Debug|Any CPU
		{BEE132D2-4773-4132-B42D-056C044DD963}.Release|Any CPU.ActiveCfg = Release|Any CPU
		{BEE132D2-4773-4132-B42D-056C044DD963}.Release|Any CPU.Build.0 = Release|Any CPU
		{8DAAC973-F310-4BC0-A1B3-4E244D6C9614}.Debug|Any CPU.ActiveCfg = Debug|Any CPU
		{8DAAC973-F310-4BC0-A1B3-4E244D6C9614}.Debug|Any CPU.Build.0 = Debug|Any CPU
		{8DAAC973-F310-4BC0-A1B3-4E244D6C9614}.Release|Any CPU.ActiveCfg = Release|Any CPU
		{8DAAC973-F310-4BC0-A1B3-4E244D6C9614}.Release|Any CPU.Build.0 = Release|Any CPU
	EndGlobalSection
	GlobalSection(SolutionProperties) = preSolution
		HideSolutionNode = FALSE
	EndGlobalSection
EndGlobal
